
Microsoft Visual Studio Solution File, Format Version 12.00
# Visual Studio Version 16
VisualStudioVersion = 16.0.31205.134
MinimumVisualStudioVersion = 10.0.40219.1
Project("{9A19103F-16F7-4668-BE54-9A1E7A4F7556}") = "LiveDocs", "LiveDocs\LiveDocs.csproj", "{F96DC6B5-DD43-4367-A43B-B7717D1BB220}"
EndProject
Project("{2150E333-8FDC-42A3-9474-1A3956D46DE8}") = "Solution Items", "Solution Items", "{7ABF14D3-5ABF-4CA7-A4F0-5A1555F3B8FE}"
	ProjectSection(SolutionItems) = preProject
		.gitignore = .gitignore
		README.md = README.md
		ResourceDocumentations\ResourceDocumentationFileListing.json = ResourceDocumentations\ResourceDocumentationFileListing.json
	EndProjectSection
EndProject
Project("{9A19103F-16F7-4668-BE54-9A1E7A4F7556}") = "LiveDocs.Server", "LiveDocs.Server\LiveDocs.Server.csproj", "{12E36862-5B55-4F15-B833-ED6952210A4F}"
EndProject
Global
	GlobalSection(SolutionConfigurationPlatforms) = preSolution
		Debug|Any CPU = Debug|Any CPU
		Release|Any CPU = Release|Any CPU
	EndGlobalSection
	GlobalSection(ProjectConfigurationPlatforms) = postSolution
		{F96DC6B5-DD43-4367-A43B-B7717D1BB220}.Debug|Any CPU.ActiveCfg = Debug|Any CPU
		{F96DC6B5-DD43-4367-A43B-B7717D1BB220}.Debug|Any CPU.Build.0 = Debug|Any CPU
		{F96DC6B5-DD43-4367-A43B-B7717D1BB220}.Release|Any CPU.ActiveCfg = Release|Any CPU
		{F96DC6B5-DD43-4367-A43B-B7717D1BB220}.Release|Any CPU.Build.0 = Release|Any CPU
		{12E36862-5B55-4F15-B833-ED6952210A4F}.Debug|Any CPU.ActiveCfg = Debug|Any CPU
		{12E36862-5B55-4F15-B833-ED6952210A4F}.Debug|Any CPU.Build.0 = Debug|Any CPU
		{12E36862-5B55-4F15-B833-ED6952210A4F}.Release|Any CPU.ActiveCfg = Release|Any CPU
		{12E36862-5B55-4F15-B833-ED6952210A4F}.Release|Any CPU.Build.0 = Release|Any CPU
	EndGlobalSection
	GlobalSection(SolutionProperties) = preSolution
		HideSolutionNode = FALSE
	EndGlobalSection
	GlobalSection(ExtensibilityGlobals) = postSolution
		SolutionGuid = {2473F4EE-3FBE-4B1E-96E6-CC42990828D4}
	EndGlobalSection
EndGlobal
